
Microsoft Visual Studio Solution File, Format Version 12.00
# Visual Studio Version 17
VisualStudioVersion = 17.14.36518.9 d17.14
MinimumVisualStudioVersion = 10.0.40219.1
Project("{FAE04EC0-301F-11D3-BF4B-00C04F79EFBC}") = "game-10003-a2", "game-10003-a2.csproj", "{7B3EF2F9-E89A-4498-A0E3-7A2AF9827711}"
EndProject
Global
	GlobalSection(SolutionConfigurationPlatforms) = preSolution
		Debug|Any CPU = Debug|Any CPU
		Release|Any CPU = Release|Any CPU
	EndGlobalSection
	GlobalSection(ProjectConfigurationPlatforms) = postSolution
		{7B3EF2F9-E89A-4498-A0E3-7A2AF9827711}.Debug|Any CPU.ActiveCfg = Debug|Any CPU
		{7B3EF2F9-E89A-4498-A0E3-7A2AF9827711}.Debug|Any CPU.Build.0 = Debug|Any CPU
		{7B3EF2F9-E89A-4498-A0E3-7A2AF9827711}.Release|Any CPU.ActiveCfg = Release|Any CPU
		{7B3EF2F9-E89A-4498-A0E3-7A2AF9827711}.Release|Any CPU.Build.0 = Release|Any CPU
	EndGlobalSection
	GlobalSection(SolutionProperties) = preSolution
		HideSolutionNode = FALSE
	EndGlobalSection
	GlobalSection(ExtensibilityGlobals) = postSolution
		SolutionGuid = {9BC29182-98C5-41D2-84E6-386DA498EB67}
	EndGlobalSection
EndGlobal
